
Microsoft Visual Studio Solution File, Format Version 12.00
# Visual Studio Version 17
VisualStudioVersion = 17.10.35013.160
MinimumVisualStudioVersion = 10.0.40219.1
Project("{FAE04EC0-301F-11D3-BF4B-00C04F79EFBC}") = "MagicLandExplorer", "MagicLandExplorer\MagicLandExplorer.csproj", "{40FAB8CA-FC2E-4CE0-A8E1-4FC3CFF93338}"
EndProject
Global
	GlobalSection(SolutionConfigurationPlatforms) = preSolution
		Debug|Any CPU = Debug|Any CPU
		Release|Any CPU = Release|Any CPU
	EndGlobalSection
	GlobalSection(ProjectConfigurationPlatforms) = postSolution
		{40FAB8CA-FC2E-4CE0-A8E1-4FC3CFF93338}.Debug|Any CPU.ActiveCfg = Debug|Any CPU
		{40FAB8CA-FC2E-4CE0-A8E1-4FC3CFF93338}.Debug|Any CPU.Build.0 = Debug|Any CPU
		{40FAB8CA-FC2E-4CE0-A8E1-4FC3CFF93338}.Release|Any CPU.ActiveCfg = Release|Any CPU
		{40FAB8CA-FC2E-4CE0-A8E1-4FC3CFF93338}.Release|Any CPU.Build.0 = Release|Any CPU
	EndGlobalSection
	GlobalSection(SolutionProperties) = preSolution
		HideSolutionNode = FALSE
	EndGlobalSection
	GlobalSection(ExtensibilityGlobals) = postSolution
		SolutionGuid = {450A8F50-3E77-417D-8381-3E7F64305491}
	EndGlobalSection
EndGlobal
